
Microsoft Visual Studio Solution File, Format Version 12.00
# Visual Studio Version 17
VisualStudioVersion = 17.4.33110.190
MinimumVisualStudioVersion = 10.0.40219.1
Project("{9A19103F-16F7-4668-BE54-9A1E7A4F7556}") = "AdventOfCode2022", "AdventOfCode2022\AdventOfCode2022.csproj", "{8821114B-2C01-4FE5-92D1-229595726C66}"
EndProject
Project("{9A19103F-16F7-4668-BE54-9A1E7A4F7556}") = "AdventOfCode.Execution", "AdventOfCode.Execution\AdventOfCode.Execution.csproj", "{6D8DB73C-03BF-4430-9ABD-EB7BACF66D67}"
EndProject
Global
	GlobalSection(SolutionConfigurationPlatforms) = preSolution
		Debug|Any CPU = Debug|Any CPU
		Release|Any CPU = Release|Any CPU
	EndGlobalSection
	GlobalSection(ProjectConfigurationPlatforms) = postSolution
		{8821114B-2C01-4FE5-92D1-229595726C66}.Debug|Any CPU.ActiveCfg = Debug|Any CPU
		{8821114B-2C01-4FE5-92D1-229595726C66}.Debug|Any CPU.Build.0 = Debug|Any CPU
		{8821114B-2C01-4FE5-92D1-229595726C66}.Release|Any CPU.ActiveCfg = Release|Any CPU
		{8821114B-2C01-4FE5-92D1-229595726C66}.Release|Any CPU.Build.0 = Release|Any CPU
		{6D8DB73C-03BF-4430-9ABD-EB7BACF66D67}.Debug|Any CPU.ActiveCfg = Debug|Any CPU
		{6D8DB73C-03BF-4430-9ABD-EB7BACF66D67}.Debug|Any CPU.Build.0 = Debug|Any CPU
		{6D8DB73C-03BF-4430-9ABD-EB7BACF66D67}.Release|Any CPU.ActiveCfg = Release|Any CPU
		{6D8DB73C-03BF-4430-9ABD-EB7BACF66D67}.Release|Any CPU.Build.0 = Release|Any CPU
	EndGlobalSection
	GlobalSection(SolutionProperties) = preSolution
		HideSolutionNode = FALSE
	EndGlobalSection
	GlobalSection(ExtensibilityGlobals) = postSolution
		SolutionGuid = {66CC57B9-D312-4B86-B407-6BE2EF52E544}
	EndGlobalSection
EndGlobal
